
Microsoft Visual Studio Solution File, Format Version 12.00
# Visual Studio Version 16
VisualStudioVersion = 16.0.30114.105
MinimumVisualStudioVersion = 10.0.40219.1
Project("{FAE04EC0-301F-11D3-BF4B-00C04F79EFBC}") = "TestCommon", "..\TestCommon\TestCommon.csproj", "{FE1933FF-3EC3-46C5-B8E1-A99103AF2997}"
EndProject
Project("{FAE04EC0-301F-11D3-BF4B-00C04F79EFBC}") = "A8", "A8\A8.csproj", "{24F49C5D-EE51-4487-A1D7-379DA3725CBE}"
EndProject
Project("{FAE04EC0-301F-11D3-BF4B-00C04F79EFBC}") = "A8.Tests", "A8.Tests\A8.Tests.csproj", "{53510964-CBF7-401E-8047-B19EC7C0351C}"
EndProject
Global
	GlobalSection(SolutionConfigurationPlatforms) = preSolution
		Debug|Any CPU = Debug|Any CPU
		Debug|x64 = Debug|x64
		Debug|x86 = Debug|x86
		Release|Any CPU = Release|Any CPU
		Release|x64 = Release|x64
		Release|x86 = Release|x86
	EndGlobalSection
	GlobalSection(SolutionProperties) = preSolution
		HideSolutionNode = FALSE
	EndGlobalSection
	GlobalSection(ProjectConfigurationPlatforms) = postSolution
		{FE1933FF-3EC3-46C5-B8E1-A99103AF2997}.Debug|Any CPU.ActiveCfg = Debug|Any CPU
		{FE1933FF-3EC3-46C5-B8E1-A99103AF2997}.Debug|Any CPU.Build.0 = Debug|Any CPU
		{FE1933FF-3EC3-46C5-B8E1-A99103AF2997}.Debug|x64.ActiveCfg = Debug|Any CPU
		{FE1933FF-3EC3-46C5-B8E1-A99103AF2997}.Debug|x64.Build.0 = Debug|Any CPU
		{FE1933FF-3EC3-46C5-B8E1-A99103AF2997}.Debug|x86.ActiveCfg = Debug|Any CPU
		{FE1933FF-3EC3-46C5-B8E1-A99103AF2997}.Debug|x86.Build.0 = Debug|Any CPU
		{FE1933FF-3EC3-46C5-B8E1-A99103AF2997}.Release|Any CPU.ActiveCfg = Release|Any CPU
		{FE1933FF-3EC3-46C5-B8E1-A99103AF2997}.Release|Any CPU.Build.0 = Release|Any CPU
		{FE1933FF-3EC3-46C5-B8E1-A99103AF2997}.Release|x64.ActiveCfg = Release|Any CPU
		{FE1933FF-3EC3-46C5-B8E1-A99103AF2997}.Release|x64.Build.0 = Release|Any CPU
		{FE1933FF-3EC3-46C5-B8E1-A99103AF2997}.Release|x86.ActiveCfg = Release|Any CPU
		{FE1933FF-3EC3-46C5-B8E1-A99103AF2997}.Release|x86.Build.0 = Release|Any CPU
		{24F49C5D-EE51-4487-A1D7-379DA3725CBE}.Debug|Any CPU.ActiveCfg = Debug|Any CPU
		{24F49C5D-EE51-4487-A1D7-379DA3725CBE}.Debug|Any CPU.Build.0 = Debug|Any CPU
		{24F49C5D-EE51-4487-A1D7-379DA3725CBE}.Debug|x64.ActiveCfg = Debug|Any CPU
		{24F49C5D-EE51-4487-A1D7-379DA3725CBE}.Debug|x64.Build.0 = Debug|Any CPU
		{24F49C5D-EE51-4487-A1D7-379DA3725CBE}.Debug|x86.ActiveCfg = Debug|Any CPU
		{24F49C5D-EE51-4487-A1D7-379DA3725CBE}.Debug|x86.Build.0 = Debug|Any CPU
		{24F49C5D-EE51-4487-A1D7-379DA3725CBE}.Release|Any CPU.ActiveCfg = Release|Any CPU
		{24F49C5D-EE51-4487-A1D7-379DA3725CBE}.Release|Any CPU.Build.0 = Release|Any CPU
		{24F49C5D-EE51-4487-A1D7-379DA3725CBE}.Release|x64.ActiveCfg = Release|Any CPU
		{24F49C5D-EE51-4487-A1D7-379DA3725CBE}.Release|x64.Build.0 = Release|Any CPU
		{24F49C5D-EE51-4487-A1D7-379DA3725CBE}.Release|x86.ActiveCfg = Release|Any CPU
		{24F49C5D-EE51-4487-A1D7-379DA3725CBE}.Release|x86.Build.0 = Release|Any CPU
		{53510964-CBF7-401E-8047-B19EC7C0351C}.Debug|Any CPU.ActiveCfg = Debug|Any CPU
		{53510964-CBF7-401E-8047-B19EC7C0351C}.Debug|Any CPU.Build.0 = Debug|Any CPU
		{53510964-CBF7-401E-8047-B19EC7C0351C}.Debug|x64.ActiveCfg = Debug|Any CPU
		{53510964-CBF7-401E-8047-B19EC7C0351C}.Debug|x64.Build.0 = Debug|Any CPU
		{53510964-CBF7-401E-8047-B19EC7C0351C}.Debug|x86.ActiveCfg = Debug|Any CPU
		{53510964-CBF7-401E-8047-B19EC7C0351C}.Debug|x86.Build.0 = Debug|Any CPU
		{53510964-CBF7-401E-8047-B19EC7C0351C}.Release|Any CPU.ActiveCfg = Release|Any CPU
		{53510964-CBF7-401E-8047-B19EC7C0351C}.Release|Any CPU.Build.0 = Release|Any CPU
		{53510964-CBF7-401E-8047-B19EC7C0351C}.Release|x64.ActiveCfg = Release|Any CPU
		{53510964-CBF7-401E-8047-B19EC7C0351C}.Release|x64.Build.0 = Release|Any CPU
		{53510964-CBF7-401E-8047-B19EC7C0351C}.Release|x86.ActiveCfg = Release|Any CPU
		{53510964-CBF7-401E-8047-B19EC7C0351C}.Release|x86.Build.0 = Release|Any CPU
	EndGlobalSection
EndGlobal
